
Microsoft Visual Studio Solution File, Format Version 12.00
# Visual Studio 15
VisualStudioVersion = 15.0.28307.168
MinimumVisualStudioVersion = 10.0.40219.1
Project("{FAE04EC0-301F-11D3-BF4B-00C04F79EFBC}") = "TrialMaker.Demo", "TrialMaker.Demo\TrialMaker.Demo.csproj", "{C65E63B6-1490-44DA-BA1D-1E470585E512}"
EndProject
Global
	GlobalSection(SolutionConfigurationPlatforms) = preSolution
		Debug|Any CPU = Debug|Any CPU
		Release|Any CPU = Release|Any CPU
	EndGlobalSection
	GlobalSection(ProjectConfigurationPlatforms) = postSolution
		{C65E63B6-1490-44DA-BA1D-1E470585E512}.Debug|Any CPU.ActiveCfg = Debug|Any CPU
		{C65E63B6-1490-44DA-BA1D-1E470585E512}.Debug|Any CPU.Build.0 = Debug|Any CPU
		{C65E63B6-1490-44DA-BA1D-1E470585E512}.Release|Any CPU.ActiveCfg = Release|Any CPU
		{C65E63B6-1490-44DA-BA1D-1E470585E512}.Release|Any CPU.Build.0 = Release|Any CPU
	EndGlobalSection
	GlobalSection(SolutionProperties) = preSolution
		HideSolutionNode = FALSE
	EndGlobalSection
	GlobalSection(ExtensibilityGlobals) = postSolution
		SolutionGuid = {8CB22944-3915-46CF-A83F-58677E518DE7}
	EndGlobalSection
EndGlobal
